
Microsoft Visual Studio Solution File, Format Version 12.00
# Visual Studio Version 16
VisualStudioVersion = 16.0.29519.87
MinimumVisualStudioVersion = 10.0.40219.1
Project("{FAE04EC0-301F-11D3-BF4B-00C04F79EFBC}") = "Tarefa da Aula 14", "Tarefa da Aula 14\Tarefa da Aula 14.csproj", "{831DD626-6C84-4FAE-B8F4-CFAAFC001AE3}"
EndProject
Global
	GlobalSection(SolutionConfigurationPlatforms) = preSolution
		Debug|Any CPU = Debug|Any CPU
		Release|Any CPU = Release|Any CPU
	EndGlobalSection
	GlobalSection(ProjectConfigurationPlatforms) = postSolution
		{831DD626-6C84-4FAE-B8F4-CFAAFC001AE3}.Debug|Any CPU.ActiveCfg = Debug|Any CPU
		{831DD626-6C84-4FAE-B8F4-CFAAFC001AE3}.Debug|Any CPU.Build.0 = Debug|Any CPU
		{831DD626-6C84-4FAE-B8F4-CFAAFC001AE3}.Release|Any CPU.ActiveCfg = Release|Any CPU
		{831DD626-6C84-4FAE-B8F4-CFAAFC001AE3}.Release|Any CPU.Build.0 = Release|Any CPU
	EndGlobalSection
	GlobalSection(SolutionProperties) = preSolution
		HideSolutionNode = FALSE
	EndGlobalSection
	GlobalSection(ExtensibilityGlobals) = postSolution
		SolutionGuid = {35B2B6AB-BF61-4462-BDA1-852523664790}
	EndGlobalSection
EndGlobal
